
Microsoft Visual Studio Solution File, Format Version 12.00
# Visual Studio Version 17
VisualStudioVersion = 17.11.35219.272
MinimumVisualStudioVersion = 10.0.40219.1
Project("{FAE04EC0-301F-11D3-BF4B-00C04F79EFBC}") = "Gestor_hotel_CS", "Gestor_hotel_CS\Gestor_hotel_CS.csproj", "{EA91F5A6-4D19-49F3-80B8-69EDD1219AC5}"
EndProject
Global
	GlobalSection(SolutionConfigurationPlatforms) = preSolution
		Debug|Any CPU = Debug|Any CPU
		Release|Any CPU = Release|Any CPU
	EndGlobalSection
	GlobalSection(ProjectConfigurationPlatforms) = postSolution
		{EA91F5A6-4D19-49F3-80B8-69EDD1219AC5}.Debug|Any CPU.ActiveCfg = Debug|Any CPU
		{EA91F5A6-4D19-49F3-80B8-69EDD1219AC5}.Debug|Any CPU.Build.0 = Debug|Any CPU
		{EA91F5A6-4D19-49F3-80B8-69EDD1219AC5}.Release|Any CPU.ActiveCfg = Release|Any CPU
		{EA91F5A6-4D19-49F3-80B8-69EDD1219AC5}.Release|Any CPU.Build.0 = Release|Any CPU
	EndGlobalSection
	GlobalSection(SolutionProperties) = preSolution
		HideSolutionNode = FALSE
	EndGlobalSection
	GlobalSection(ExtensibilityGlobals) = postSolution
		SolutionGuid = {8681904E-FE29-4C86-9A50-7118BE9CFBD0}
	EndGlobalSection
EndGlobal
